// !$*UTF8*$!
{
	archiveVersion = 1;
	classes = {
	};
	objectVersion = 50;
	objects = {

/* Begin PBXBuildFile section */
		9190FECD250B4156001D9296 /* AppDelegate.swift in Sources */ = {isa = PBXBuildFile; fileRef = 9190FECC250B4156001D9296 /* AppDelegate.swift */; };
		9190FECF250B4156001D9296 /* SceneDelegate.swift in Sources */ = {isa = PBXBuildFile; fileRef = 9190FECE250B4156001D9296 /* SceneDelegate.swift */; };
		9190FED1250B4156001D9296 /* ViewController.swift in Sources */ = {isa = PBXBuildFile; fileRef = 9190FED0250B4156001D9296 /* ViewController.swift */; };
		9190FED4250B4156001D9296 /* Main.storyboard in Resources */ = {isa = PBXBuildFile; fileRef = 9190FED2250B4156001D9296 /* Main.storyboard */; };
		9190FED6250B4158001D9296 /* Assets.xcassets in Resources */ = {isa = PBXBuildFile; fileRef = 9190FED5250B4158001D9296 /* Assets.xcassets */; };
		9190FED9250B4158001D9296 /* LaunchScreen.storyboard in Resources */ = {isa = PBXBuildFile; fileRef = 9190FED7250B4158001D9296 /* LaunchScreen.storyboard */; };
		9190FEE4250B4158001D9296 /* ShaadiAssignmentTests.swift in Sources */ = {isa = PBXBuildFile; fileRef = 9190FEE3250B4158001D9296 /* ShaadiAssignmentTests.swift */; };
		9190FEF4250B617D001D9296 /* UserModel.swift in Sources */ = {isa = PBXBuildFile; fileRef = 9190FEF3250B617D001D9296 /* UserModel.swift */; };
		9190FEF6250B6233001D9296 /* UserViewModel.swift in Sources */ = {isa = PBXBuildFile; fileRef = 9190FEF5250B6233001D9296 /* UserViewModel.swift */; };
		9190FEFB250C99F3001D9296 /* UserTableViewCell.swift in Sources */ = {isa = PBXBuildFile; fileRef = 9190FEF9250C99F3001D9296 /* UserTableViewCell.swift */; };
		9190FEFC250C99F3001D9296 /* UserTableViewCell.xib in Resources */ = {isa = PBXBuildFile; fileRef = 9190FEFA250C99F3001D9296 /* UserTableViewCell.xib */; };
		9190FEFE250CB004001D9296 /* DetailedViewController.swift in Sources */ = {isa = PBXBuildFile; fileRef = 9190FEFD250CB004001D9296 /* DetailedViewController.swift */; };
		9190FF00250F3111001D9296 /* ShaadiAssignment.swift in Sources */ = {isa = PBXBuildFile; fileRef = 9190FEFF250F3111001D9296 /* ShaadiAssignment.swift */; };
/* End PBXBuildFile section */

/* Begin PBXContainerItemProxy section */
		9190FEE0250B4158001D9296 /* PBXContainerItemProxy */ = {
			isa = PBXContainerItemProxy;
			containerPortal = 9190FEC1250B4156001D9296 /* Project object */;
			proxyType = 1;
			remoteGlobalIDString = 9190FEC8250B4156001D9296;
			remoteInfo = ShaadiAssignment;
		};
/* End PBXContainerItemProxy section */

/* Begin PBXFileReference section */
		9190FEC9250B4156001D9296 /* ShaadiAssignment.app */ = {isa = PBXFileReference; explicitFileType = wrapper.application; includeInIndex = 0; path = ShaadiAssignment.app; sourceTree = BUILT_PRODUCTS_DIR; };
		9190FECC250B4156001D9296 /* AppDelegate.swift */ = {isa = PBXFileReference; lastKnownFileType = sourcecode.swift; path = AppDelegate.swift; sourceTree = "<group>"; };
		9190FECE250B4156001D9296 /* SceneDelegate.swift */ = {isa = PBXFileReference; lastKnownFileType = sourcecode.swift; path = SceneDelegate.swift; sourceTree = "<group>"; };
		9190FED0250B4156001D9296 /* ViewController.swift */ = {isa = PBXFileReference; lastKnownFileType = sourcecode.swift; path = ViewController.swift; sourceTree = "<group>"; };
		9190FED3250B4156001D9296 /* Base */ = {isa = PBXFileReference; lastKnownFileType = file.storyboard; name = Base; path = Base.lproj/Main.storyboard; sourceTree = "<group>"; };
		9190FED5250B4158001D9296 /* Assets.xcassets */ = {isa = PBXFileReference; lastKnownFileType = folder.assetcatalog; path = Assets.xcassets; sourceTree = "<group>"; };
		9190FED8250B4158001D9296 /* Base */ = {isa = PBXFileReference; lastKnownFileType = file.storyboard; name = Base; path = Base.lproj/LaunchScreen.storyboard; sourceTree = "<group>"; };
		9190FEDA250B4158001D9296 /* Info.plist */ = {isa = PBXFileReference; lastKnownFileType = text.plist.xml; path = Info.plist; sourceTree = "<group>"; };
		9190FEDF250B4158001D9296 /* ShaadiAssignmentTests.xctest */ = {isa = PBXFileReference; explicitFileType = wrapper.cfbundle; includeInIndex = 0; path = ShaadiAssignmentTests.xctest; sourceTree = BUILT_PRODUCTS_DIR; };
		9190FEE3250B4158001D9296 /* ShaadiAssignmentTests.swift */ = {isa = PBXFileReference; lastKnownFileType = sourcecode.swift; path = ShaadiAssignmentTests.swift; sourceTree = "<group>"; };
		9190FEE5250B4158001D9296 /* Info.plist */ = {isa = PBXFileReference; lastKnownFileType = text.plist.xml; path = Info.plist; sourceTree = "<group>"; };
		9190FEF3250B617D001D9296 /* UserModel.swift */ = {isa = PBXFileReference; lastKnownFileType = sourcecode.swift; path = UserModel.swift; sourceTree = "<group>"; };
		9190FEF5250B6233001D9296 /* UserViewModel.swift */ = {isa = PBXFileReference; lastKnownFileType = sourcecode.swift; path = UserViewModel.swift; sourceTree = "<group>"; };
		9190FEF9250C99F3001D9296 /* UserTableViewCell.swift */ = {isa = PBXFileReference; lastKnownFileType = sourcecode.swift; path = UserTableViewCell.swift; sourceTree = "<group>"; };
		9190FEFA250C99F3001D9296 /* UserTableViewCell.xib */ = {isa = PBXFileReference; lastKnownFileType = file.xib; path = UserTableViewCell.xib; sourceTree = "<group>"; };
		9190FEFD250CB004001D9296 /* DetailedViewController.swift */ = {isa = PBXFileReference; lastKnownFileType = sourcecode.swift; path = DetailedViewController.swift; sourceTree = "<group>"; };
		9190FEFF250F3111001D9296 /* ShaadiAssignment.swift */ = {isa = PBXFileReference; lastKnownFileType = sourcecode.swift; path = ShaadiAssignment.swift; sourceTree = "<group>"; };
/* End PBXFileReference section */

/* Begin PBXFrameworksBuildPhase section */
		9190FEC6250B4156001D9296 /* Frameworks */ = {
			isa = PBXFrameworksBuildPhase;
			buildActionMask = 2147483647;
			files = (
			);
			runOnlyForDeploymentPostprocessing = 0;
		};
		9190FEDC250B4158001D9296 /* Frameworks */ = {
			isa = PBXFrameworksBuildPhase;
			buildActionMask = 2147483647;
			files = (
			);
			runOnlyForDeploymentPostprocessing = 0;
		};
/* End PBXFrameworksBuildPhase section */

/* Begin PBXGroup section */
		9190FEC0250B4156001D9296 = {
			isa = PBXGroup;
			children = (
				9190FECB250B4156001D9296 /* ShaadiAssignment */,
				9190FEE2250B4158001D9296 /* ShaadiAssignmentTests */,
				9190FECA250B4156001D9296 /* Products */,
			);
			sourceTree = "<group>";
		};
		9190FECA250B4156001D9296 /* Products */ = {
			isa = PBXGroup;
			children = (
				9190FEC9250B4156001D9296 /* ShaadiAssignment.app */,
				9190FEDF250B4158001D9296 /* ShaadiAssignmentTests.xctest */,
			);
			name = Products;
			sourceTree = "<group>";
		};
		9190FECB250B4156001D9296 /* ShaadiAssignment */ = {
			isa = PBXGroup;
			children = (
				9190FF01250F311D001D9296 /* UnitTest */,
				9190FEF2250B6140001D9296 /* View */,
				9190FEF1250B6139001D9296 /* Controller */,
				9190FEF0250B6130001D9296 /* ViewModel */,
				9190FEEF250B41B3001D9296 /* Model */,
				9190FEEE250B4171001D9296 /* Resources */,
				9190FECC250B4156001D9296 /* AppDelegate.swift */,
				9190FECE250B4156001D9296 /* SceneDelegate.swift */,
				9190FED5250B4158001D9296 /* Assets.xcassets */,
				9190FEDA250B4158001D9296 /* Info.plist */,
			);
			path = ShaadiAssignment;
			sourceTree = "<group>";
		};
		9190FEE2250B4158001D9296 /* ShaadiAssignmentTests */ = {
			isa = PBXGroup;
			children = (
				9190FEE3250B4158001D9296 /* ShaadiAssignmentTests.swift */,
				9190FEE5250B4158001D9296 /* Info.plist */,
			);
			path = ShaadiAssignmentTests;
			sourceTree = "<group>";
		};
		9190FEEE250B4171001D9296 /* Resources */ = {
			isa = PBXGroup;
			children = (
			);
			path = Resources;
			sourceTree = "<group>";
		};
		9190FEEF250B41B3001D9296 /* Model */ = {
			isa = PBXGroup;
			children = (
				9190FEF3250B617D001D9296 /* UserModel.swift */,
			);
			path = Model;
			sourceTree = "<group>";
		};
		9190FEF0250B6130001D9296 /* ViewModel */ = {
			isa = PBXGroup;
			children = (
				9190FEF5250B6233001D9296 /* UserViewModel.swift */,
			);
			path = ViewModel;
			sourceTree = "<group>";
		};
		9190FEF1250B6139001D9296 /* Controller */ = {
			isa = PBXGroup;
			children = (
				9190FED0250B4156001D9296 /* ViewController.swift */,
				9190FEFD250CB004001D9296 /* DetailedViewController.swift */,
			);
			path = Controller;
			sourceTree = "<group>";
		};
		9190FEF2250B6140001D9296 /* View */ = {
			isa = PBXGroup;
			children = (
				9190FED7250B4158001D9296 /* LaunchScreen.storyboard */,
				9190FED2250B4156001D9296 /* Main.storyboard */,
				9190FEF9250C99F3001D9296 /* UserTableViewCell.swift */,
				9190FEFA250C99F3001D9296 /* UserTableViewCell.xib */,
			);
			path = View;
			sourceTree = "<group>";
		};
		9190FF01250F311D001D9296 /* UnitTest */ = {
			isa = PBXGroup;
			children = (
				9190FEFF250F3111001D9296 /* ShaadiAssignment.swift */,
			);
			path = UnitTest;
			sourceTree = "<group>";
		};
/* End PBXGroup section */

/* Begin PBXNativeTarget section */
		9190FEC8250B4156001D9296 /* ShaadiAssignment */ = {
			isa = PBXNativeTarget;
			buildConfigurationList = 9190FEE8250B4158001D9296 /* Build configuration list for PBXNativeTarget "ShaadiAssignment" */;
			buildPhases = (
				9190FEC5250B4156001D9296 /* Sources */,
				9190FEC6250B4156001D9296 /* Frameworks */,
				9190FEC7250B4156001D9296 /* Resources */,
			);
			buildRules = (
			);
			dependencies = (
			);
			name = ShaadiAssignment;
			productName = ShaadiAssignment;
			productReference = 9190FEC9250B4156001D9296 /* ShaadiAssignment.app */;
			productType = "com.apple.product-type.application";
		};
		9190FEDE250B4158001D9296 /* ShaadiAssignmentTests */ = {
			isa = PBXNativeTarget;
			buildConfigurationList = 9190FEEB250B4158001D9296 /* Build configuration list for PBXNativeTarget "ShaadiAssignmentTests" */;
			buildPhases = (
				9190FEDB250B4158001D9296 /* Sources */,
				9190FEDC250B4158001D9296 /* Frameworks */,
				9190FEDD250B4158001D9296 /* Resources */,
			);
			buildRules = (
			);
			dependencies = (
				9190FEE1250B4158001D9296 /* PBXTargetDependency */,
			);
			name = ShaadiAssignmentTests;
			productName = ShaadiAssignmentTests;
			productReference = 9190FEDF250B4158001D9296 /* ShaadiAssignmentTests.xctest */;
			productType = "com.apple.product-type.bundle.unit-test";
		};
/* End PBXNativeTarget section */

/* Begin PBXProject section */
		9190FEC1250B4156001D9296 /* Project object */ = {
			isa = PBXProject;
			attributes = {
				LastSwiftUpdateCheck = 1150;
				LastUpgradeCheck = 1150;
				ORGANIZATIONNAME = theappmaker;
				TargetAttributes = {
					9190FEC8250B4156001D9296 = {
						CreatedOnToolsVersion = 11.5;
					};
					9190FEDE250B4158001D9296 = {
						CreatedOnToolsVersion = 11.5;
						TestTargetID = 9190FEC8250B4156001D9296;
					};
				};
			};
			buildConfigurationList = 9190FEC4250B4156001D9296 /* Build configuration list for PBXProject "ShaadiAssignment" */;
			compatibilityVersion = "Xcode 9.3";
			developmentRegion = en;
			hasScannedForEncodings = 0;
			knownRegions = (
				en,
				Base,
			);
			mainGroup = 9190FEC0250B4156001D9296;
			productRefGroup = 9190FECA250B4156001D9296 /* Products */;
			projectDirPath = "";
			projectRoot = "";
			targets = (
				9190FEC8250B4156001D9296 /* ShaadiAssignment */,
				9190FEDE250B4158001D9296 /* ShaadiAssignmentTests */,
			);
		};
/* End PBXProject section */

/* Begin PBXResourcesBuildPhase section */
		9190FEC7250B4156001D9296 /* Resources */ = {
			isa = PBXResourcesBuildPhase;
			buildActionMask = 2147483647;
			files = (
				9190FEFC250C99F3001D9296 /* UserTableViewCell.xib in Resources */,
				9190FED9250B4158001D9296 /* LaunchScreen.storyboard in Resources */,
				9190FED6250B4158001D9296 /* Assets.xcassets in Resources */,
				9190FED4250B4156001D9296 /* Main.storyboard in Resources */,
			);
			runOnlyForDeploymentPostprocessing = 0;
		};
		9190FEDD250B4158001D9296 /* Resources */ = {
			isa = PBXResourcesBuildPhase;
			buildActionMask = 2147483647;
			files = (
			);
			runOnlyForDeploymentPostprocessing = 0;
		};
/* End PBXResourcesBuildPhase section */

/* Begin PBXSourcesBuildPhase section */
		9190FEC5250B4156001D9296 /* Sources */ = {
			isa = PBXSourcesBuildPhase;
			buildActionMask = 2147483647;
			files = (
				9190FEFE250CB004001D9296 /* DetailedViewController.swift in Sources */,
				9190FED1250B4156001D9296 /* ViewController.swift in Sources */,
				9190FECD250B4156001D9296 /* AppDelegate.swift in Sources */,
				9190FEF4250B617D001D9296 /* UserModel.swift in Sources */,
				9190FEF6250B6233001D9296 /* UserViewModel.swift in Sources */,
				9190FEFB250C99F3001D9296 /* UserTableViewCell.swift in Sources */,
				9190FECF250B4156001D9296 /* SceneDelegate.swift in Sources */,
			);
			runOnlyForDeploymentPostprocessing = 0;
		};
		9190FEDB250B4158001D9296 /* Sources */ = {
			isa = PBXSourcesBuildPhase;
			buildActionMask = 2147483647;
			files = (
				9190FF00250F3111001D9296 /* ShaadiAssignment.swift in Sources */,
				9190FEE4250B4158001D9296 /* ShaadiAssignmentTests.swift in Sources */,
			);
			runOnlyForDeploymentPostprocessing = 0;
		};
/* End PBXSourcesBuildPhase section */

/* Begin PBXTargetDependency section */
		9190FEE1250B4158001D9296 /* PBXTargetDependency */ = {
			isa = PBXTargetDependency;
			target = 9190FEC8250B4156001D9296 /* ShaadiAssignment */;
			targetProxy = 9190FEE0250B4158001D9296 /* PBXContainerItemProxy */;
		};
/* End PBXTargetDependency section */

/* Begin PBXVariantGroup section */
		9190FED2250B4156001D9296 /* Main.storyboard */ = {
			isa = PBXVariantGroup;
			children = (
				9190FED3250B4156001D9296 /* Base */,
			);
			name = Main.storyboard;
			sourceTree = "<group>";
		};
		9190FED7250B4158001D9296 /* LaunchScreen.storyboard */ = {
			isa = PBXVariantGroup;
			children = (
				9190FED8250B4158001D9296 /* Base */,
			);
			name = LaunchScreen.storyboard;
			sourceTree = "<group>";
		};
/* End PBXVariantGroup section */

/* Begin XCBuildConfiguration section */
		9190FEE6250B4158001D9296 /* Debug */ = {
			isa = XCBuildConfiguration;
			buildSettings = {
				ALWAYS_SEARCH_USER_PATHS = NO;
				CLANG_ANALYZER_NONNULL = YES;
				CLANG_ANALYZER_NUMBER_OBJECT_CONVERSION = YES_AGGRESSIVE;
				CLANG_CXX_LANGUAGE_STANDARD = "gnu++14";
				CLANG_CXX_LIBRARY = "libc++";
				CLANG_ENABLE_MODULES = YES;
				CLANG_ENABLE_OBJC_ARC = YES;
				CLANG_ENABLE_OBJC_WEAK = YES;
				CLANG_WARN_BLOCK_CAPTURE_AUTORELEASING = YES;
				CLANG_WARN_BOOL_CONVERSION = YES;
				CLANG_WARN_COMMA = YES;
				CLANG_WARN_CONSTANT_CONVERSION = YES;
				CLANG_WARN_DEPRECATED_OBJC_IMPLEMENTATIONS = YES;
				CLANG_WARN_DIRECT_OBJC_ISA_USAGE = YES_ERROR;
				CLANG_WARN_DOCUMENTATION_COMMENTS = YES;
				CLANG_WARN_EMPTY_BODY = YES;
				CLANG_WARN_ENUM_CONVERSION = YES;
				CLANG_WARN_INFINITE_RECURSION = YES;
				CLANG_WARN_INT_CONVERSION = YES;
				CLANG_WARN_NON_LITERAL_NULL_CONVERSION = YES;
				CLANG_WARN_OBJC_IMPLICIT_RETAIN_SELF = YES;
				CLANG_WARN_OBJC_LITERAL_CONVERSION = YES;
				CLANG_WARN_OBJC_ROOT_CLASS = YES_ERROR;
				CLANG_WARN_RANGE_LOOP_ANALYSIS = YES;
				CLANG_WARN_STRICT_PROTOTYPES = YES;
				CLANG_WARN_SUSPICIOUS_MOVE = YES;
				CLANG_WARN_UNGUARDED_AVAILABILITY = YES_AGGRESSIVE;
				CLANG_WARN_UNREACHABLE_CODE = YES;
				CLANG_WARN__DUPLICATE_METHOD_MATCH = YES;
				COPY_PHASE_STRIP = NO;
				DEBUG_INFORMATION_FORMAT = dwarf;
				ENABLE_STRICT_OBJC_MSGSEND = YES;
				ENABLE_TESTABILITY = YES;
				GCC_C_LANGUAGE_STANDARD = gnu11;
				GCC_DYNAMIC_NO_PIC = NO;
				GCC_NO_COMMON_BLOCKS = YES;
				GCC_OPTIMIZATION_LEVEL = 0;
				GCC_PREPROCESSOR_DEFINITIONS = (
					"DEBUG=1",
					"$(inherited)",
				);
				GCC_WARN_64_TO_32_BIT_CONVERSION = YES;
				GCC_WARN_ABOUT_RETURN_TYPE = YES_ERROR;
				GCC_WARN_UNDECLARED_SELECTOR = YES;
				GCC_WARN_UNINITIALIZED_AUTOS = YES_AGGRESSIVE;
				GCC_WARN_UNUSED_FUNCTION = YES;
				GCC_WARN_UNUSED_VARIABLE = YES;
				IPHONEOS_DEPLOYMENT_TARGET = 13.0;
				MTL_ENABLE_DEBUG_INFO = INCLUDE_SOURCE;
				MTL_FAST_MATH = YES;
				ONLY_ACTIVE_ARCH = YES;
				SDKROOT = iphoneos;
				SWIFT_ACTIVE_COMPILATION_CONDITIONS = DEBUG;
				SWIFT_OPTIMIZATION_LEVEL = "-Onone";
			};
			name = Debug;
		};
		9190FEE7250B4158001D9296 /* Release */ = {
			isa = XCBuildConfiguration;
			buildSettings = {
				ALWAYS_SEARCH_USER_PATHS = NO;
				CLANG_ANALYZER_NONNULL = YES;
				CLANG_ANALYZER_NUMBER_OBJECT_CONVERSION = YES_AGGRESSIVE;
				CLANG_CXX_LANGUAGE_STANDARD = "gnu++14";
				CLANG_CXX_LIBRARY = "libc++";
				CLANG_ENABLE_MODULES = YES;
				CLANG_ENABLE_OBJC_ARC = YES;
				CLANG_ENABLE_OBJC_WEAK = YES;
				CLANG_WARN_BLOCK_CAPTURE_AUTORELEASING = YES;
				CLANG_WARN_BOOL_CONVERSION = YES;
				CLANG_WARN_COMMA = YES;
				CLANG_WARN_CONSTANT_CONVERSION = YES;
				CLANG_WARN_DEPRECATED_OBJC_IMPLEMENTATIONS = YES;
				CLANG_WARN_DIRECT_OBJC_ISA_USAGE = YES_ERROR;
				CLANG_WARN_DOCUMENTATION_COMMENTS = YES;
				CLANG_WARN_EMPTY_BODY = YES;
				CLANG_WARN_ENUM_CONVERSION = YES;
				CLANG_WARN_INFINITE_RECURSION = YES;
				CLANG_WARN_INT_CONVERSION = YES;
				CLANG_WARN_NON_LITERAL_NULL_CONVERSION = YES;
				CLANG_WARN_OBJC_IMPLICIT_RETAIN_SELF = YES;
				CLANG_WARN_OBJC_LITERAL_CONVERSION = YES;
				CLANG_WARN_OBJC_ROOT_CLASS = YES_ERROR;
				CLANG_WARN_RANGE_LOOP_ANALYSIS = YES;
				CLANG_WARN_STRICT_PROTOTYPES = YES;
				CLANG_WARN_SUSPICIOUS_MOVE = YES;
				CLANG_WARN_UNGUARDED_AVAILABILITY = YES_AGGRESSIVE;
				CLANG_WARN_UNREACHABLE_CODE = YES;
				CLANG_WARN__DUPLICATE_METHOD_MATCH = YES;
				COPY_PHASE_STRIP = NO;
				DEBUG_INFORMATION_FORMAT = "dwarf-with-dsym";
				ENABLE_NS_ASSERTIONS = NO;
				ENABLE_STRICT_OBJC_MSGSEND = YES;
				GCC_C_LANGUAGE_STANDARD = gnu11;
				GCC_NO_COMMON_BLOCKS = YES;
				GCC_WARN_64_TO_32_BIT_CONVERSION = YES;
				GCC_WARN_ABOUT_RETURN_TYPE = YES_ERROR;
				GCC_WARN_UNDECLARED_SELECTOR = YES;
				GCC_WARN_UNINITIALIZED_AUTOS = YES_AGGRESSIVE;
				GCC_WARN_UNUSED_FUNCTION = YES;
				GCC_WARN_UNUSED_VARIABLE = YES;
				IPHONEOS_DEPLOYMENT_TARGET = 13.0;
				MTL_ENABLE_DEBUG_INFO = NO;
				MTL_FAST_MATH = YES;
				SDKROOT = iphoneos;
				SWIFT_COMPILATION_MODE = wholemodule;
				SWIFT_OPTIMIZATION_LEVEL = "-O";
				VALIDATE_PRODUCT = YES;
			};
			name = Release;
		};
		9190FEE9250B4158001D9296 /* Debug */ = {
			isa = XCBuildConfiguration;
			buildSettings = {
				ASSETCATALOG_COMPILER_APPICON_NAME = AppIcon;
				CODE_SIGN_STYLE = Automatic;
				DEVELOPMENT_TEAM = CHACMP5889;
				INFOPLIST_FILE = ShaadiAssignment/Info.plist;
				LD_RUNPATH_SEARCH_PATHS = (
					"$(inherited)",
					"@executable_path/Frameworks",
				);
				PRODUCT_BUNDLE_IDENTIFIER = com.theappmaker.ShaadiAssignment;
				PRODUCT_NAME = "$(TARGET_NAME)";
				SWIFT_VERSION = 5.0;
				TARGETED_DEVICE_FAMILY = 1;
			};
			name = Debug;
		};
		9190FEEA250B4158001D9296 /* Release */ = {
			isa = XCBuildConfiguration;
			buildSettings = {
				ASSETCATALOG_COMPILER_APPICON_NAME = AppIcon;
				CODE_SIGN_STYLE = Automatic;
				DEVELOPMENT_TEAM = CHACMP5889;
				INFOPLIST_FILE = ShaadiAssignment/Info.plist;
				LD_RUNPATH_SEARCH_PATHS = (
					"$(inherited)",
					"@executable_path/Frameworks",
				);
				PRODUCT_BUNDLE_IDENTIFIER = com.theappmaker.ShaadiAssignment;
				PRODUCT_NAME = "$(TARGET_NAME)";
				SWIFT_VERSION = 5.0;
				TARGETED_DEVICE_FAMILY = 1;
			};
			name = Release;
		};
		9190FEEC250B4158001D9296 /* Debug */ = {
			isa = XCBuildConfiguration;
			buildSettings = {
				ALWAYS_EMBED_SWIFT_STANDARD_LIBRARIES = YES;
				BUNDLE_LOADER = "$(TEST_HOST)";
				CODE_SIGN_STYLE = Automatic;
				DEVELOPMENT_TEAM = CHACMP5889;
				INFOPLIST_FILE = ShaadiAssignmentTests/Info.plist;
				IPHONEOS_DEPLOYMENT_TARGET = 13.5;
				LD_RUNPATH_SEARCH_PATHS = (
					"$(inherited)",
					"@executable_path/Frameworks",
					"@loader_path/Frameworks",
				);
				PRODUCT_BUNDLE_IDENTIFIER = com.theappmaker.ShaadiAssignmentTests;
				PRODUCT_NAME = "$(TARGET_NAME)";
				SWIFT_VERSION = 5.0;
				TARGETED_DEVICE_FAMILY = "1,2";
				TEST_HOST = "$(BUILT_PRODUCTS_DIR)/ShaadiAssignment.app/ShaadiAssignment";
			};
			name = Debug;
		};
		9190FEED250B4158001D9296 /* Release */ = {
			isa = XCBuildConfiguration;
			buildSettings = {
				ALWAYS_EMBED_SWIFT_STANDARD_LIBRARIES = YES;
				BUNDLE_LOADER = "$(TEST_HOST)";
				CODE_SIGN_STYLE = Automatic;
				DEVELOPMENT_TEAM = CHACMP5889;
				INFOPLIST_FILE = ShaadiAssignmentTests/Info.plist;
				IPHONEOS_DEPLOYMENT_TARGET = 13.5;
				LD_RUNPATH_SEARCH_PATHS = (
					"$(inherited)",
					"@executable_path/Frameworks",
					"@loader_path/Frameworks",
				);
				PRODUCT_BUNDLE_IDENTIFIER = com.theappmaker.ShaadiAssignmentTests;
				PRODUCT_NAME = "$(TARGET_NAME)";
				SWIFT_VERSION = 5.0;
				TARGETED_DEVICE_FAMILY = "1,2";
				TEST_HOST = "$(BUILT_PRODUCTS_DIR)/ShaadiAssignment.app/ShaadiAssignment";
			};
			name = Release;
		};
/* End XCBuildConfiguration section */

/* Begin XCConfigurationList section */
		9190FEC4250B4156001D9296 /* Build configuration list for PBXProject "ShaadiAssignment" */ = {
			isa = XCConfigurationList;
			buildConfigurations = (
				9190FEE6250B4158001D9296 /* Debug */,
				9190FEE7250B4158001D9296 /* Release */,
			);
			defaultConfigurationIsVisible = 0;
			defaultConfigurationName = Release;
		};
		9190FEE8250B4158001D9296 /* Build configuration list for PBXNativeTarget "ShaadiAssignment" */ = {
			isa = XCConfigurationList;
			buildConfigurations = (
				9190FEE9250B4158001D9296 /* Debug */,
				9190FEEA250B4158001D9296 /* Release */,
			);
			defaultConfigurationIsVisible = 0;
			defaultConfigurationName = Release;
		};
		9190FEEB250B4158001D9296 /* Build configuration list for PBXNativeTarget "ShaadiAssignmentTests" */ = {
			isa = XCConfigurationList;
			buildConfigurations = (
				9190FEEC250B4158001D9296 /* Debug */,
				9190FEED250B4158001D9296 /* Release */,
			);
			defaultConfigurationIsVisible = 0;
			defaultConfigurationName = Release;
		};
/* End XCConfigurationList section */
	};
	rootObject = 9190FEC1250B4156001D9296 /* Project object */;
}
